# THIS IS AN AUTOGENERATED FILE. DO NOT EDIT THIS FILE DIRECTLY.
# yarn lockfile v1


"@types/regression@^2.0.2":
  version "2.0.2"
  resolved "https://registry.yarnpkg.com/@types/regression/-/regression-2.0.2.tgz#a1ad747fbcc6726643a8eb2c42bb804bbf34ce02"
  integrity sha512-i7KOGl6xdkfpq5+p2ooC+/XFIRUMkYymZ29SD8p+Ko9lesKGUsh6860ey3YM7Y+ZG7kEDGcjzyLO3sOhozqEeA==
